
Microsoft Visual Studio Solution File, Format Version 12.00
# Visual Studio Version 17
VisualStudioVersion = 17.1.32210.238
MinimumVisualStudioVersion = 10.0.40219.1
Project("{FAE04EC0-301F-11D3-BF4B-00C04F79EFBC}") = "CafeForDevs.Client", "CafeForDevs.Client\CafeForDevs.Client.csproj", "{F9F181D9-CFE4-4E31-BEB0-BB44B0771106}"
EndProject
Project("{FAE04EC0-301F-11D3-BF4B-00C04F79EFBC}") = "CafeForDevs.Server", "CafeForDevs.Server\CafeForDevs.Server.csproj", "{76D0FE75-4214-4639-A7F1-BEEF48E4C59D}"
EndProject
Global
	GlobalSection(SolutionConfigurationPlatforms) = preSolution
		Debug|Any CPU = Debug|Any CPU
		Release|Any CPU = Release|Any CPU
	EndGlobalSection
	GlobalSection(ProjectConfigurationPlatforms) = postSolution
		{F9F181D9-CFE4-4E31-BEB0-BB44B0771106}.Debug|Any CPU.ActiveCfg = Debug|Any CPU
		{F9F181D9-CFE4-4E31-BEB0-BB44B0771106}.Debug|Any CPU.Build.0 = Debug|Any CPU
		{F9F181D9-CFE4-4E31-BEB0-BB44B0771106}.Release|Any CPU.ActiveCfg = Release|Any CPU
		{F9F181D9-CFE4-4E31-BEB0-BB44B0771106}.Release|Any CPU.Build.0 = Release|Any CPU
		{76D0FE75-4214-4639-A7F1-BEEF48E4C59D}.Debug|Any CPU.ActiveCfg = Debug|Any CPU
		{76D0FE75-4214-4639-A7F1-BEEF48E4C59D}.Debug|Any CPU.Build.0 = Debug|Any CPU
		{76D0FE75-4214-4639-A7F1-BEEF48E4C59D}.Release|Any CPU.ActiveCfg = Release|Any CPU
		{76D0FE75-4214-4639-A7F1-BEEF48E4C59D}.Release|Any CPU.Build.0 = Release|Any CPU
	EndGlobalSection
	GlobalSection(SolutionProperties) = preSolution
		HideSolutionNode = FALSE
	EndGlobalSection
	GlobalSection(ExtensibilityGlobals) = postSolution
		SolutionGuid = {0320F15D-0F71-4902-B582-DD67892F13AA}
	EndGlobalSection
EndGlobal
